
Microsoft Visual Studio Solution File, Format Version 12.00
# Visual Studio Version 17
VisualStudioVersion = 17.5.33414.496
MinimumVisualStudioVersion = 10.0.40219.1
Project("{9A19103F-16F7-4668-BE54-9A1E7A4F7556}") = "DllSurrogateHelper", "DllSurrogateHelper.csproj", "{0AEB681D-7B9D-4341-84FB-186BA44FA431}"
EndProject
Global
	GlobalSection(SolutionConfigurationPlatforms) = preSolution
		Debug|Any CPU = Debug|Any CPU
		Release|Any CPU = Release|Any CPU
	EndGlobalSection
	GlobalSection(ProjectConfigurationPlatforms) = postSolution
		{0AEB681D-7B9D-4341-84FB-186BA44FA431}.Debug|Any CPU.ActiveCfg = Debug|Any CPU
		{0AEB681D-7B9D-4341-84FB-186BA44FA431}.Debug|Any CPU.Build.0 = Debug|Any CPU
		{0AEB681D-7B9D-4341-84FB-186BA44FA431}.Release|Any CPU.ActiveCfg = Release|Any CPU
		{0AEB681D-7B9D-4341-84FB-186BA44FA431}.Release|Any CPU.Build.0 = Release|Any CPU
	EndGlobalSection
	GlobalSection(SolutionProperties) = preSolution
		HideSolutionNode = FALSE
	EndGlobalSection
	GlobalSection(ExtensibilityGlobals) = postSolution
		SolutionGuid = {D21FF8C3-F36D-4945-80DD-1DA0D22D4352}
	EndGlobalSection
EndGlobal
